
Microsoft Visual Studio Solution File, Format Version 12.00
# Visual Studio Version 17
VisualStudioVersion = 17.4.33213.308
MinimumVisualStudioVersion = 10.0.40219.1
Project("{FAE04EC0-301F-11D3-BF4B-00C04F79EFBC}") = "InsuranceCorp.MVC", "InsuranceCorp.MVC\InsuranceCorp.MVC.csproj", "{2CE3F23C-F58F-4767-9EAA-405710B1B3FF}"
EndProject
Global
	GlobalSection(SolutionConfigurationPlatforms) = preSolution
		Debug|Any CPU = Debug|Any CPU
		Release|Any CPU = Release|Any CPU
	EndGlobalSection
	GlobalSection(ProjectConfigurationPlatforms) = postSolution
		{2CE3F23C-F58F-4767-9EAA-405710B1B3FF}.Debug|Any CPU.ActiveCfg = Debug|Any CPU
		{2CE3F23C-F58F-4767-9EAA-405710B1B3FF}.Debug|Any CPU.Build.0 = Debug|Any CPU
		{2CE3F23C-F58F-4767-9EAA-405710B1B3FF}.Release|Any CPU.ActiveCfg = Release|Any CPU
		{2CE3F23C-F58F-4767-9EAA-405710B1B3FF}.Release|Any CPU.Build.0 = Release|Any CPU
	EndGlobalSection
	GlobalSection(SolutionProperties) = preSolution
		HideSolutionNode = FALSE
	EndGlobalSection
	GlobalSection(ExtensibilityGlobals) = postSolution
		SolutionGuid = {9ED42A6F-9E2E-4B1B-A27A-4AF83BFF006B}
	EndGlobalSection
EndGlobal
